{
  "nodes": {
    "firefox-addons": {
      "inputs": {
        "nixpkgs": [
          "unstable"
        ]
      },
      "locked": {
        "dir": "pkgs/firefox-addons",
        "lastModified": 1748161689,
        "narHash": "sha256-gm1ikRi3L2qpTQUUV/dURDUeg/dfstopzBduTKkIdqw=",
        "owner": "rycee",
        "repo": "nur-expressions",
        "rev": "c60c48473ddf0b439079824cb08ccfa6c703ff87",
        "type": "gitlab"
      },
      "original": {
        "dir": "pkgs/firefox-addons",
        "owner": "rycee",
        "repo": "nur-expressions",
        "type": "gitlab"
      }
    },
    "flake-compat": {
      "locked": {
        "lastModified": 1733328505,
        "narHash": "sha256-NeCCThCEP3eCl2l/+27kNNK7QrwZB1IJCrXfrbv5oqU=",
        "rev": "ff81ac966bb2cae68946d5ed5fc4994f96d0ffec",
        "revCount": 69,
        "type": "tarball",
        "url": "https://api.flakehub.com/f/pinned/edolstra/flake-compat/1.1.0/01948eb7-9cba-704f-bbf3-3fa956735b52/source.tar.gz"
      },
      "original": {
        "type": "tarball",
        "url": "https://flakehub.com/f/edolstra/flake-compat/1.tar.gz"
      }
    },
    "flake-compat_2": {
      "flake": false,
      "locked": {
        "lastModified": 1696426674,
        "narHash": "sha256-kvjfFW7WAETZlt09AgDn1MrtKzP7t90Vf7vypd3OL1U=",
        "owner": "edolstra",
        "repo": "flake-compat",
        "rev": "0f9255e01c2351cc7d116c072cb317785dd33b33",
        "type": "github"
      },
      "original": {
        "owner": "edolstra",
        "repo": "flake-compat",
        "type": "github"
      }
    },
    "flake-compat_3": {
      "flake": false,
      "locked": {
        "lastModified": 1696426674,
        "narHash": "sha256-kvjfFW7WAETZlt09AgDn1MrtKzP7t90Vf7vypd3OL1U=",
        "owner": "edolstra",
        "repo": "flake-compat",
        "rev": "0f9255e01c2351cc7d116c072cb317785dd33b33",
        "type": "github"
      },
      "original": {
        "owner": "edolstra",
        "repo": "flake-compat",
        "type": "github"
      }
    },
    "flake-parts": {
      "inputs": {
        "nixpkgs-lib": "nixpkgs-lib"
      },
      "locked": {
        "lastModified": 1743550720,
        "narHash": "sha256-hIshGgKZCgWh6AYJpJmRgFdR3WUbkY04o82X05xqQiY=",
        "owner": "hercules-ci",
        "repo": "flake-parts",
        "rev": "c621e8422220273271f52058f618c94e405bb0f5",
        "type": "github"
      },
      "original": {
        "owner": "hercules-ci",
        "repo": "flake-parts",
        "type": "github"
      }
    },
    "flake-parts_2": {
      "inputs": {
        "nixpkgs-lib": "nixpkgs-lib_2"
      },
      "locked": {
        "lastModified": 1743550720,
        "narHash": "sha256-hIshGgKZCgWh6AYJpJmRgFdR3WUbkY04o82X05xqQiY=",
        "owner": "hercules-ci",
        "repo": "flake-parts",
        "rev": "c621e8422220273271f52058f618c94e405bb0f5",
        "type": "github"
      },
      "original": {
        "owner": "hercules-ci",
        "repo": "flake-parts",
        "type": "github"
      }
    },
    "flake-parts_3": {
      "inputs": {
        "nixpkgs-lib": "nixpkgs-lib_3"
      },
      "locked": {
        "lastModified": 1743550720,
        "narHash": "sha256-hIshGgKZCgWh6AYJpJmRgFdR3WUbkY04o82X05xqQiY=",
        "owner": "hercules-ci",
        "repo": "flake-parts",
        "rev": "c621e8422220273271f52058f618c94e405bb0f5",
        "type": "github"
      },
      "original": {
        "id": "flake-parts",
        "type": "indirect"
      }
    },
    "flake-parts_4": {
      "inputs": {
        "nixpkgs-lib": [
          "paguvim",
          "nixvim",
          "nixpkgs"
        ]
      },
      "locked": {
        "lastModified": 1743550720,
        "narHash": "sha256-hIshGgKZCgWh6AYJpJmRgFdR3WUbkY04o82X05xqQiY=",
        "owner": "hercules-ci",
        "repo": "flake-parts",
        "rev": "c621e8422220273271f52058f618c94e405bb0f5",
        "type": "github"
      },
      "original": {
        "owner": "hercules-ci",
        "repo": "flake-parts",
        "type": "github"
      }
    },
    "flake-utils": {
      "inputs": {
        "systems": "systems_2"
      },
      "locked": {
        "lastModified": 1731533236,
        "narHash": "sha256-l0KFg5HjrsfsO/JpG+r7fRrqm12kzFHyUHqHCVpMMbI=",
        "owner": "numtide",
        "repo": "flake-utils",
        "rev": "11707dc2f618dd54ca8739b309ec4fc024de578b",
        "type": "github"
      },
      "original": {
        "owner": "numtide",
        "repo": "flake-utils",
        "type": "github"
      }
    },
    "git-hooks-nix": {
      "inputs": {
        "flake-compat": "flake-compat_2",
        "gitignore": "gitignore",
        "nixpkgs": [
          "paguvim",
          "nixpkgs"
        ]
      },
      "locked": {
        "lastModified": 1747372754,
        "narHash": "sha256-2Y53NGIX2vxfie1rOW0Qb86vjRZ7ngizoo+bnXU9D9k=",
        "owner": "cachix",
        "repo": "git-hooks.nix",
        "rev": "80479b6ec16fefd9c1db3ea13aeb038c60530f46",
        "type": "github"
      },
      "original": {
        "owner": "cachix",
        "repo": "git-hooks.nix",
        "type": "github"
      }
    },
    "gitignore": {
      "inputs": {
        "nixpkgs": [
          "paguvim",
          "git-hooks-nix",
          "nixpkgs"
        ]
      },
      "locked": {
        "lastModified": 1709087332,
        "narHash": "sha256-HG2cCnktfHsKV0s4XW83gU3F57gaTljL9KNSuG6bnQs=",
        "owner": "hercules-ci",
        "repo": "gitignore.nix",
        "rev": "637db329424fd7e46cf4185293b9cc8c88c95394",
        "type": "github"
      },
      "original": {
        "owner": "hercules-ci",
        "repo": "gitignore.nix",
        "type": "github"
      }
    },
    "gitignore_2": {
      "inputs": {
        "nixpkgs": [
          "pre-commit-hooks",
          "nixpkgs"
        ]
      },
      "locked": {
        "lastModified": 1709087332,
        "narHash": "sha256-HG2cCnktfHsKV0s4XW83gU3F57gaTljL9KNSuG6bnQs=",
        "owner": "hercules-ci",
        "repo": "gitignore.nix",
        "rev": "637db329424fd7e46cf4185293b9cc8c88c95394",
        "type": "github"
      },
      "original": {
        "owner": "hercules-ci",
        "repo": "gitignore.nix",
        "type": "github"
      }
    },
    "home-manager": {
      "inputs": {
        "nixpkgs": [
          "nixpkgs"
        ]
      },
      "locked": {
        "lastModified": 1748182899,
        "narHash": "sha256-r6MHSalDFydlUmjorVTSsyhLjIt8VWNtGc5+mffXvFQ=",
        "owner": "nix-community",
        "repo": "home-manager",
        "rev": "901f8fef7f349cf8a8e97b3230b22fd592df9160",
        "type": "github"
      },
      "original": {
        "owner": "nix-community",
        "repo": "home-manager",
        "type": "github"
      }
    },
    "hosts": {
      "inputs": {
        "nixpkgs": "nixpkgs"
      },
      "locked": {
        "lastModified": 1747792192,
        "narHash": "sha256-HeWotX8CVc3vDlvAGq99FaeAT9JRSWtx4N/NhtjPwtg=",
        "owner": "StevenBlack",
        "repo": "hosts",
        "rev": "dbdcb032706dfe548745266218501afa93c14ad5",
        "type": "github"
      },
      "original": {
        "owner": "StevenBlack",
        "repo": "hosts",
        "type": "github"
      }
    },
    "ixx": {
      "inputs": {
        "flake-utils": [
          "paguvim",
          "nixvim",
          "nuschtosSearch",
          "flake-utils"
        ],
        "nixpkgs": [
          "paguvim",
          "nixvim",
          "nuschtosSearch",
          "nixpkgs"
        ]
      },
      "locked": {
        "lastModified": 1737371634,
        "narHash": "sha256-fTVAWzT1UMm1lT+YxHuVPtH+DATrhYfea3B0MxG/cGw=",
        "owner": "NuschtOS",
        "repo": "ixx",
        "rev": "a1176e2a10ce745ff8f63e4af124ece8fe0b1648",
        "type": "github"
      },
      "original": {
        "owner": "NuschtOS",
        "ref": "v0.0.7",
        "repo": "ixx",
        "type": "github"
      }
    },
    "nix-gaming": {
      "inputs": {
        "flake-parts": "flake-parts_2",
        "nixpkgs": "nixpkgs_2"
      },
      "locked": {
        "lastModified": 1748189689,
        "narHash": "sha256-hB74AiTtPkvnZHKi09AQ/VndCcgllzzpSm4/SGfOPKA=",
        "owner": "fufexan",
        "repo": "nix-gaming",
        "rev": "0ec005ba4fe744d1e8f960e8a3c45ae3aeb262c1",
        "type": "github"
      },
      "original": {
        "owner": "fufexan",
        "repo": "nix-gaming",
        "type": "github"
      }
    },
    "nixcord": {
      "inputs": {
        "flake-compat": "flake-compat",
        "nixpkgs": "nixpkgs_3",
        "systems": "systems",
        "treefmt-nix": "treefmt-nix"
      },
      "locked": {
        "lastModified": 1748137719,
        "narHash": "sha256-yBiIy+eb0QxYoIOzOY7QyjqXY5PiLgIoNbFtg4SbUH8=",
        "owner": "kaylorben",
        "repo": "nixcord",
        "rev": "c4d7ccc9ae9fc1c46820bdc5b800b4f66e972ccc",
        "type": "github"
      },
      "original": {
        "owner": "kaylorben",
        "repo": "nixcord",
        "type": "github"
      }
    },
    "nixpkgs": {
      "locked": {
        "lastModified": 1748186667,
        "narHash": "sha256-UQubDNIQ/Z42R8tPCIpY+BOhlxO8t8ZojwC9o2FW3c8=",
        "owner": "NixOS",
        "repo": "nixpkgs",
        "rev": "bdac72d387dca7f836f6ef1fe547755fb0e9df61",
        "type": "github"
      },
      "original": {
        "id": "nixpkgs",
        "type": "indirect"
      }
    },
    "nixpkgs-lib": {
      "locked": {
        "lastModified": 1743296961,
        "narHash": "sha256-b1EdN3cULCqtorQ4QeWgLMrd5ZGOjLSLemfa00heasc=",
        "owner": "nix-community",
        "repo": "nixpkgs.lib",
        "rev": "e4822aea2a6d1cdd36653c134cacfd64c97ff4fa",
        "type": "github"
      },
      "original": {
        "owner": "nix-community",
        "repo": "nixpkgs.lib",
        "type": "github"
      }
    },
    "nixpkgs-lib_2": {
      "locked": {
        "lastModified": 1743296961,
        "narHash": "sha256-b1EdN3cULCqtorQ4QeWgLMrd5ZGOjLSLemfa00heasc=",
        "owner": "nix-community",
        "repo": "nixpkgs.lib",
        "rev": "e4822aea2a6d1cdd36653c134cacfd64c97ff4fa",
        "type": "github"
      },
      "original": {
        "owner": "nix-community",
        "repo": "nixpkgs.lib",
        "type": "github"
      }
    },
    "nixpkgs-lib_3": {
      "locked": {
        "lastModified": 1743296961,
        "narHash": "sha256-b1EdN3cULCqtorQ4QeWgLMrd5ZGOjLSLemfa00heasc=",
        "owner": "nix-community",
        "repo": "nixpkgs.lib",
        "rev": "e4822aea2a6d1cdd36653c134cacfd64c97ff4fa",
        "type": "github"
      },
      "original": {
        "owner": "nix-community",
        "repo": "nixpkgs.lib",
        "type": "github"
      }
    },
    "nixpkgs_2": {
      "locked": {
        "lastModified": 1747958103,
        "narHash": "sha256-qmmFCrfBwSHoWw7cVK4Aj+fns+c54EBP8cGqp/yK410=",
        "owner": "NixOS",
        "repo": "nixpkgs",
        "rev": "fe51d34885f7b5e3e7b59572796e1bcb427eccb1",
        "type": "github"
      },
      "original": {
        "owner": "NixOS",
        "ref": "nixpkgs-unstable",
        "repo": "nixpkgs",
        "type": "github"
      }
    },
    "nixpkgs_3": {
      "locked": {
        "lastModified": 1744868846,
        "narHash": "sha256-5RJTdUHDmj12Qsv7XOhuospjAjATNiTMElplWnJE9Hs=",
        "owner": "NixOS",
        "repo": "nixpkgs",
        "rev": "ebe4301cbd8f81c4f8d3244b3632338bbeb6d49c",
        "type": "github"
      },
      "original": {
        "owner": "NixOS",
        "ref": "nixpkgs-unstable",
        "repo": "nixpkgs",
        "type": "github"
      }
    },
    "nixpkgs_4": {
      "locked": {
        "lastModified": 1748186667,
        "narHash": "sha256-UQubDNIQ/Z42R8tPCIpY+BOhlxO8t8ZojwC9o2FW3c8=",
        "owner": "NixOS",
        "repo": "nixpkgs",
        "rev": "bdac72d387dca7f836f6ef1fe547755fb0e9df61",
        "type": "github"
      },
      "original": {
        "owner": "NixOS",
        "ref": "nixpkgs-unstable",
        "repo": "nixpkgs",
        "type": "github"
      }
    },
    "nixpkgs_5": {
      "locked": {
        "lastModified": 1747958103,
        "narHash": "sha256-qmmFCrfBwSHoWw7cVK4Aj+fns+c54EBP8cGqp/yK410=",
        "owner": "NixOS",
        "repo": "nixpkgs",
        "rev": "fe51d34885f7b5e3e7b59572796e1bcb427eccb1",
        "type": "github"
      },
      "original": {
        "owner": "NixOS",
        "ref": "nixpkgs-unstable",
        "repo": "nixpkgs",
        "type": "github"
      }
    },
    "nixvim": {
      "inputs": {
        "flake-parts": "flake-parts_4",
        "nixpkgs": "nixpkgs_5",
        "nuschtosSearch": "nuschtosSearch",
        "systems": "systems_3"
      },
      "locked": {
        "lastModified": 1748197130,
        "narHash": "sha256-WkUknPbMYFeusz3GKkhnklGF0r9bz4Z4bpU8h0t1Ddc=",
        "owner": "nix-community",
        "repo": "nixvim",
        "rev": "b37d429468c1f5133743e967caf97d92dc35ef5b",
        "type": "github"
      },
      "original": {
        "owner": "nix-community",
        "repo": "nixvim",
        "type": "github"
      }
    },
    "nuschtosSearch": {
      "inputs": {
        "flake-utils": "flake-utils",
        "ixx": "ixx",
        "nixpkgs": [
          "paguvim",
          "nixvim",
          "nixpkgs"
        ]
      },
      "locked": {
        "lastModified": 1745046075,
        "narHash": "sha256-8v4y6k16Ra/fiecb4DxhsoOGtzLKgKlS+9/XJ9z0T2I=",
        "owner": "NuschtOS",
        "repo": "search",
        "rev": "066afe8643274470f4a294442aadd988356a478f",
        "type": "github"
      },
      "original": {
        "owner": "NuschtOS",
        "repo": "search",
        "type": "github"
      }
    },
    "paguvim": {
      "inputs": {
        "flake-parts": "flake-parts_3",
        "git-hooks-nix": "git-hooks-nix",
        "nixpkgs": "nixpkgs_4",
        "nixvim": "nixvim",
        "treefmt-nix": "treefmt-nix_2"
      },
      "locked": {
        "lastModified": 1748217404,
        "narHash": "sha256-Baxs0VBUw1bMb1kF3o7UuS/eMTH2igqz+Ue8r+u5Ufk=",
        "owner": "pagusupu",
        "repo": "paguvim",
        "rev": "7073e6c85340c31242b214cf9ee8d74c7938f0e8",
        "type": "github"
      },
      "original": {
        "owner": "pagusupu",
        "repo": "paguvim",
        "type": "github"
      }
    },
    "pre-commit-hooks": {
      "inputs": {
        "flake-compat": "flake-compat_3",
        "gitignore": "gitignore_2",
        "nixpkgs": [
          "unstable"
        ]
      },
      "locked": {
        "lastModified": 1747372754,
        "narHash": "sha256-2Y53NGIX2vxfie1rOW0Qb86vjRZ7ngizoo+bnXU9D9k=",
        "owner": "cachix",
        "repo": "git-hooks.nix",
        "rev": "80479b6ec16fefd9c1db3ea13aeb038c60530f46",
        "type": "github"
      },
      "original": {
        "owner": "cachix",
        "repo": "git-hooks.nix",
        "type": "github"
      }
    },
    "root": {
      "inputs": {
        "firefox-addons": "firefox-addons",
        "flake-parts": "flake-parts",
        "home-manager": "home-manager",
        "hosts": "hosts",
        "nix-gaming": "nix-gaming",
        "nixcord": "nixcord",
        "nixpkgs": [
          "unstable"
        ],
        "paguvim": "paguvim",
        "pre-commit-hooks": "pre-commit-hooks",
        "stable": "stable",
        "treefmt-nix": "treefmt-nix_3",
        "unstable": "unstable"
      }
    },
    "stable": {
      "locked": {
        "lastModified": 1748162331,
        "narHash": "sha256-rqc2RKYTxP3tbjA+PB3VMRQNnjesrT0pEofXQTrMsS8=",
        "owner": "NixOS",
        "repo": "nixpkgs",
        "rev": "7c43f080a7f28b2774f3b3f43234ca11661bf334",
        "type": "github"
      },
      "original": {
        "owner": "NixOS",
        "ref": "nixos-25.05",
        "repo": "nixpkgs",
        "type": "github"
      }
    },
    "systems": {
      "locked": {
        "lastModified": 1681028828,
        "narHash": "sha256-Vy1rq5AaRuLzOxct8nz4T6wlgyUR7zLU309k9mBC768=",
        "owner": "nix-systems",
        "repo": "default",
        "rev": "da67096a3b9bf56a91d16901293e51ba5b49a27e",
        "type": "github"
      },
      "original": {
        "id": "systems",
        "type": "indirect"
      }
    },
    "systems_2": {
      "locked": {
        "lastModified": 1681028828,
        "narHash": "sha256-Vy1rq5AaRuLzOxct8nz4T6wlgyUR7zLU309k9mBC768=",
        "owner": "nix-systems",
        "repo": "default",
        "rev": "da67096a3b9bf56a91d16901293e51ba5b49a27e",
        "type": "github"
      },
      "original": {
        "owner": "nix-systems",
        "repo": "default",
        "type": "github"
      }
    },
    "systems_3": {
      "locked": {
        "lastModified": 1681028828,
        "narHash": "sha256-Vy1rq5AaRuLzOxct8nz4T6wlgyUR7zLU309k9mBC768=",
        "owner": "nix-systems",
        "repo": "default",
        "rev": "da67096a3b9bf56a91d16901293e51ba5b49a27e",
        "type": "github"
      },
      "original": {
        "owner": "nix-systems",
        "repo": "default",
        "type": "github"
      }
    },
    "treefmt-nix": {
      "inputs": {
        "nixpkgs": [
          "nixcord",
          "nixpkgs"
        ]
      },
      "locked": {
        "lastModified": 1744961264,
        "narHash": "sha256-aRmUh0AMwcbdjJHnytg1e5h5ECcaWtIFQa6d9gI85AI=",
        "owner": "numtide",
        "repo": "treefmt-nix",
        "rev": "8d404a69efe76146368885110f29a2ca3700bee6",
        "type": "github"
      },
      "original": {
        "owner": "numtide",
        "repo": "treefmt-nix",
        "type": "github"
      }
    },
    "treefmt-nix_2": {
      "inputs": {
        "nixpkgs": [
          "paguvim",
          "nixpkgs"
        ]
      },
      "locked": {
        "lastModified": 1747912973,
        "narHash": "sha256-XgxghfND8TDypxsMTPU2GQdtBEsHTEc3qWE6RVEk8O0=",
        "owner": "numtide",
        "repo": "treefmt-nix",
        "rev": "020cb423808365fa3f10ff4cb8c0a25df35065a3",
        "type": "github"
      },
      "original": {
        "owner": "numtide",
        "repo": "treefmt-nix",
        "type": "github"
      }
    },
    "treefmt-nix_3": {
      "inputs": {
        "nixpkgs": [
          "unstable"
        ]
      },
      "locked": {
        "lastModified": 1747912973,
        "narHash": "sha256-XgxghfND8TDypxsMTPU2GQdtBEsHTEc3qWE6RVEk8O0=",
        "owner": "numtide",
        "repo": "treefmt-nix",
        "rev": "020cb423808365fa3f10ff4cb8c0a25df35065a3",
        "type": "github"
      },
      "original": {
        "owner": "numtide",
        "repo": "treefmt-nix",
        "type": "github"
      }
    },
    "unstable": {
      "locked": {
        "lastModified": 1748026106,
        "narHash": "sha256-6m1Y3/4pVw1RWTsrkAK2VMYSzG4MMIj7sqUy7o8th1o=",
        "owner": "NixOS",
        "repo": "nixpkgs",
        "rev": "063f43f2dbdef86376cc29ad646c45c46e93234c",
        "type": "github"
      },
      "original": {
        "owner": "NixOS",
        "ref": "nixos-unstable",
        "repo": "nixpkgs",
        "type": "github"
      }
    }
  },
  "root": "root",
  "version": 7
}
